// !$*UTF8*$!
{
	archiveVersion = 1;
	classes = {
	};
	objectVersion = 77;
	objects = {

/* Begin PBXContainerItemProxy section */
		28D0B06D2F2A9155002E3E27 /* PBXContainerItemProxy */ = {
			isa = PBXContainerItemProxy;
			containerPortal = 28D0B04E2F2A9152002E3E27 /* Project object */;
			proxyType = 1;
			remoteGlobalIDString = 28D0B0552F2A9152002E3E27;
			remoteInfo = LifeCounter;
		};
		28D0B0772F2A9155002E3E27 /* PBXContainerItemProxy */ = {
			isa = PBXContainerItemProxy;
			containerPortal = 28D0B04E2F2A9152002E3E27 /* Project object */;
			proxyType = 1;
			remoteGlobalIDString = 28D0B0552F2A9152002E3E27;
			remoteInfo = LifeCounter;
		};
/* End PBXContainerItemProxy section */

/* Begin PBXFileReference section */
		28D0B0562F2A9152002E3E27 /* LifeCounter.app */ = {isa = PBXFileReference; explicitFileType = wrapper.application; includeInIndex = 0; path = LifeCounter.app; sourceTree = BUILT_PRODUCTS_DIR; };
		28D0B06C2F2A9155002E3E27 /* LifeCounterTests.xctest */ = {isa = PBXFileReference; explicitFileType = wrapper.cfbundle; includeInIndex = 0; path = LifeCounterTests.xctest; sourceTree = BUILT_PRODUCTS_DIR; };
		28D0B0762F2A9155002E3E27 /* LifeCounterUITests.xctest */ = {isa = PBXFileReference; explicitFileType = wrapper.cfbundle; includeInIndex = 0; path = LifeCounterUITests.xctest; sourceTree = BUILT_PRODUCTS_DIR; };
/* End PBXFileReference section */

/* Begin PBXFileSystemSynchronizedBuildFileExceptionSet section */
		28D0B07E2F2A9155002E3E27 /* Exceptions for "LifeCounter" folder in "LifeCounter" target */ = {
			isa = PBXFileSystemSynchronizedBuildFileExceptionSet;
			membershipExceptions = (
				Info.plist,
			);
			target = 28D0B0552F2A9152002E3E27 /* LifeCounter */;
		};
/* End PBXFileSystemSynchronizedBuildFileExceptionSet section */

/* Begin PBXFileSystemSynchronizedRootGroup section */
		28D0B0582F2A9152002E3E27 /* LifeCounter */ = {
			isa = PBXFileSystemSynchronizedRootGroup;
			exceptions = (
				28D0B07E2F2A9155002E3E27 /* Exceptions for "LifeCounter" folder in "LifeCounter" target */,
			);
			path = LifeCounter;
			sourceTree = "<group>";
		};
		28D0B06F2F2A9155002E3E27 /* LifeCounterTests */ = {
			isa = PBXFileSystemSynchronizedRootGroup;
			path = LifeCounterTests;
			sourceTree = "<group>";
		};
		28D0B0792F2A9155002E3E27 /* LifeCounterUITests */ = {
			isa = PBXFileSystemSynchronizedRootGroup;
			path = LifeCounterUITests;
			sourceTree = "<group>";
		};
/* End PBXFileSystemSynchronizedRootGroup section */

/* Begin PBXFrameworksBuildPhase section */
		28D0B0532F2A9152002E3E27 /* Frameworks */ = {
			isa = PBXFrameworksBuildPhase;
			buildActionMask = 2147483647;
			files = (
			);
			runOnlyForDeploymentPostprocessing = 0;
		};
		28D0B0692F2A9155002E3E27 /* Frameworks */ = {
			isa = PBXFrameworksBuildPhase;
			buildActionMask = 2147483647;
			files = (
			);
			runOnlyForDeploymentPostprocessing = 0;
		};
		28D0B0732F2A9155002E3E27 /* Frameworks */ = {
			isa = PBXFrameworksBuildPhase;
			buildActionMask = 2147483647;
			files = (
			);
			runOnlyForDeploymentPostprocessing = 0;
		};
/* End PBXFrameworksBuildPhase section */

/* Begin PBXGroup section */
		28D0B04D2F2A9152002E3E27 = {
			isa = PBXGroup;
			children = (
				28D0B0582F2A9152002E3E27 /* LifeCounter */,
				28D0B06F2F2A9155002E3E27 /* LifeCounterTests */,
				28D0B0792F2A9155002E3E27 /* LifeCounterUITests */,
				28D0B0572F2A9152002E3E27 /* Products */,
			);
			sourceTree = "<group>";
		};
		28D0B0572F2A9152002E3E27 /* Products */ = {
			isa = PBXGroup;
			children = (
				28D0B0562F2A9152002E3E27 /* LifeCounter.app */,
				28D0B06C2F2A9155002E3E27 /* LifeCounterTests.xctest */,
				28D0B0762F2A9155002E3E27 /* LifeCounterUITests.xctest */,
			);
			name = Products;
			sourceTree = "<group>";
		};
/* End PBXGroup section */

/* Begin PBXNativeTarget section */
		28D0B0552F2A9152002E3E27 /* LifeCounter */ = {
			isa = PBXNativeTarget;
			buildConfigurationList = 28D0B07F2F2A9155002E3E27 /* Build configuration list for PBXNativeTarget "LifeCounter" */;
			buildPhases = (
				28D0B0522F2A9152002E3E27 /* Sources */,
				28D0B0532F2A9152002E3E27 /* Frameworks */,
				28D0B0542F2A9152002E3E27 /* Resources */,
			);
			buildRules = (
			);
			dependencies = (
			);
			fileSystemSynchronizedGroups = (
				28D0B0582F2A9152002E3E27 /* LifeCounter */,
			);
			name = LifeCounter;
			packageProductDependencies = (
			);
			productName = LifeCounter;
			productReference = 28D0B0562F2A9152002E3E27 /* LifeCounter.app */;
			productType = "com.apple.product-type.application";
		};
		28D0B06B2F2A9155002E3E27 /* LifeCounterTests */ = {
			isa = PBXNativeTarget;
			buildConfigurationList = 28D0B0842F2A9155002E3E27 /* Build configuration list for PBXNativeTarget "LifeCounterTests" */;
			buildPhases = (
				28D0B0682F2A9155002E3E27 /* Sources */,
				28D0B0692F2A9155002E3E27 /* Frameworks */,
				28D0B06A2F2A9155002E3E27 /* Resources */,
			);
			buildRules = (
			);
			dependencies = (
				28D0B06E2F2A9155002E3E27 /* PBXTargetDependency */,
			);
			fileSystemSynchronizedGroups = (
				28D0B06F2F2A9155002E3E27 /* LifeCounterTests */,
			);
			name = LifeCounterTests;
			packageProductDependencies = (
			);
			productName = LifeCounterTests;
			productReference = 28D0B06C2F2A9155002E3E27 /* LifeCounterTests.xctest */;
			productType = "com.apple.product-type.bundle.unit-test";
		};
		28D0B0752F2A9155002E3E27 /* LifeCounterUITests */ = {
			isa = PBXNativeTarget;
			buildConfigurationList = 28D0B0872F2A9155002E3E27 /* Build configuration list for PBXNativeTarget "LifeCounterUITests" */;
			buildPhases = (
				28D0B0722F2A9155002E3E27 /* Sources */,
				28D0B0732F2A9155002E3E27 /* Frameworks */,
				28D0B0742F2A9155002E3E27 /* Resources */,
			);
			buildRules = (
			);
			dependencies = (
				28D0B0782F2A9155002E3E27 /* PBXTargetDependency */,
			);
			fileSystemSynchronizedGroups = (
				28D0B0792F2A9155002E3E27 /* LifeCounterUITests */,
			);
			name = LifeCounterUITests;
			packageProductDependencies = (
			);
			productName = LifeCounterUITests;
			productReference = 28D0B0762F2A9155002E3E27 /* LifeCounterUITests.xctest */;
			productType = "com.apple.product-type.bundle.ui-testing";
		};
/* End PBXNativeTarget section */

/* Begin PBXProject section */
		28D0B04E2F2A9152002E3E27 /* Project object */ = {
			isa = PBXProject;
			attributes = {
				BuildIndependentTargetsInParallel = 1;
				LastSwiftUpdateCheck = 2620;
				LastUpgradeCheck = 2620;
				TargetAttributes = {
					28D0B0552F2A9152002E3E27 = {
						CreatedOnToolsVersion = 26.2;
					};
					28D0B06B2F2A9155002E3E27 = {
						CreatedOnToolsVersion = 26.2;
						TestTargetID = 28D0B0552F2A9152002E3E27;
					};
					28D0B0752F2A9155002E3E27 = {
						CreatedOnToolsVersion = 26.2;
						TestTargetID = 28D0B0552F2A9152002E3E27;
					};
				};
			};
			buildConfigurationList = 28D0B0512F2A9152002E3E27 /* Build configuration list for PBXProject "LifeCounter" */;
			developmentRegion = en;
			hasScannedForEncodings = 0;
			knownRegions = (
				en,
				Base,
			);
			mainGroup = 28D0B04D2F2A9152002E3E27;
			minimizedProjectReferenceProxies = 1;
			preferredProjectObjectVersion = 77;
			productRefGroup = 28D0B0572F2A9152002E3E27 /* Products */;
			projectDirPath = "";
			projectRoot = "";
			targets = (
				28D0B0552F2A9152002E3E27 /* LifeCounter */,
				28D0B06B2F2A9155002E3E27 /* LifeCounterTests */,
				28D0B0752F2A9155002E3E27 /* LifeCounterUITests */,
			);
		};
/* End PBXProject section */

/* Begin PBXResourcesBuildPhase section */
		28D0B0542F2A9152002E3E27 /* Resources */ = {
			isa = PBXResourcesBuildPhase;
			buildActionMask = 2147483647;
			files = (
			);
			runOnlyForDeploymentPostprocessing = 0;
		};
		28D0B06A2F2A9155002E3E27 /* Resources */ = {
			isa = PBXResourcesBuildPhase;
			buildActionMask = 2147483647;
			files = (
			);
			runOnlyForDeploymentPostprocessing = 0;
		};
		28D0B0742F2A9155002E3E27 /* Resources */ = {
			isa = PBXResourcesBuildPhase;
			buildActionMask = 2147483647;
			files = (
			);
			runOnlyForDeploymentPostprocessing = 0;
		};
/* End PBXResourcesBuildPhase section */

/* Begin PBXSourcesBuildPhase section */
		28D0B0522F2A9152002E3E27 /* Sources */ = {
			isa = PBXSourcesBuildPhase;
			buildActionMask = 2147483647;
			files = (
			);
			runOnlyForDeploymentPostprocessing = 0;
		};
		28D0B0682F2A9155002E3E27 /* Sources */ = {
			isa = PBXSourcesBuildPhase;
			buildActionMask = 2147483647;
			files = (
			);
			runOnlyForDeploymentPostprocessing = 0;
		};
		28D0B0722F2A9155002E3E27 /* Sources */ = {
			isa = PBXSourcesBuildPhase;
			buildActionMask = 2147483647;
			files = (
			);
			runOnlyForDeploymentPostprocessing = 0;
		};
/* End PBXSourcesBuildPhase section */

/* Begin PBXTargetDependency section */
		28D0B06E2F2A9155002E3E27 /* PBXTargetDependency */ = {
			isa = PBXTargetDependency;
			target = 28D0B0552F2A9152002E3E27 /* LifeCounter */;
			targetProxy = 28D0B06D2F2A9155002E3E27 /* PBXContainerItemProxy */;
		};
		28D0B0782F2A9155002E3E27 /* PBXTargetDependency */ = {
			isa = PBXTargetDependency;
			target = 28D0B0552F2A9152002E3E27 /* LifeCounter */;
			targetProxy = 28D0B0772F2A9155002E3E27 /* PBXContainerItemProxy */;
		};
/* End PBXTargetDependency section */

/* Begin XCBuildConfiguration section */
		28D0B0802F2A9155002E3E27 /* Debug */ = {
			isa = XCBuildConfiguration;
			buildSettings = {
				ASSETCATALOG_COMPILER_APPICON_NAME = AppIcon;
				ASSETCATALOG_COMPILER_GLOBAL_ACCENT_COLOR_NAME = AccentColor;
				CODE_SIGN_STYLE = Automatic;
				CURRENT_PROJECT_VERSION = 1;
				DEVELOPMENT_TEAM = 9MN285B2PG;
				GENERATE_INFOPLIST_FILE = YES;
				INFOPLIST_FILE = LifeCounter/Info.plist;
				INFOPLIST_KEY_UIApplicationSupportsIndirectInputEvents = YES;
				INFOPLIST_KEY_UILaunchStoryboardName = LaunchScreen;
				INFOPLIST_KEY_UIMainStoryboardFile = Main;
				INFOPLIST_KEY_UISupportedInterfaceOrientations_iPad = "UIInterfaceOrientationPortrait UIInterfaceOrientationPortraitUpsideDown UIInterfaceOrientationLandscapeLeft UIInterfaceOrientationLandscapeRight";
				INFOPLIST_KEY_UISupportedInterfaceOrientations_iPhone = "UIInterfaceOrientationPortrait UIInterfaceOrientationLandscapeLeft UIInterfaceOrientationLandscapeRight";
				LD_RUNPATH_SEARCH_PATHS = (
					"$(inherited)",
					"@executable_path/Frameworks",
				);
				MARKETING_VERSION = 1.0;
				PRODUCT_BUNDLE_IDENTIFIER = edu.uw.ischool.katiehsu.LifeCounter;
				PRODUCT_NAME = "$(TARGET_NAME)";
				STRING_CATALOG_GENERATE_SYMBOLS = YES;
				SWIFT_APPROACHABLE_CONCURRENCY = YES;
				SWIFT_DEFAULT_ACTOR_ISOLATION = MainActor;
				SWIFT_EMIT_LOC_STRINGS = YES;
				SWIFT_UPCOMING_FEATURE_MEMBER_IMPORT_VISIBILITY = YES;
				SWIFT_VERSION = 5.0;
				TARGETED_DEVICE_FAMILY = "1,2";
			};
			name = Debug;
		};
		28D0B0812F2A9155002E3E27 /* Release */ = {
			isa = XCBuildConfiguration;
			buildSettings = {
				ASSETCATALOG_COMPILER_APPICON_NAME = AppIcon;
				ASSETCATALOG_COMPILER_GLOBAL_ACCENT_COLOR_NAME = AccentColor;
				CODE_SIGN_STYLE = Automatic;
				CURRENT_PROJECT_VERSION = 1;
				DEVELOPMENT_TEAM = 9MN285B2PG;
				GENERATE_INFOPLIST_FILE = YES;
				INFOPLIST_FILE = LifeCounter/Info.plist;
				INFOPLIST_KEY_UIApplicationSupportsIndirectInputEvents = YES;
				INFOPLIST_KEY_UILaunchStoryboardName = LaunchScreen;
				INFOPLIST_KEY_UIMainStoryboardFile = Main;
				INFOPLIST_KEY_UISupportedInterfaceOrientations_iPad = "UIInterfaceOrientationPortrait UIInterfaceOrientationPortraitUpsideDown UIInterfaceOrientationLandscapeLeft UIInterfaceOrientationLandscapeRight";
				INFOPLIST_KEY_UISupportedInterfaceOrientations_iPhone = "UIInterfaceOrientationPortrait UIInterfaceOrientationLandscapeLeft UIInterfaceOrientationLandscapeRight";
				LD_RUNPATH_SEARCH_PATHS = (
					"$(inherited)",
					"@executable_path/Frameworks",
				);
				MARKETING_VERSION = 1.0;
				PRODUCT_BUNDLE_IDENTIFIER = edu.uw.ischool.katiehsu.LifeCounter;
				PRODUCT_NAME = "$(TARGET_NAME)";
				STRING_CATALOG_GENERATE_SYMBOLS = YES;
				SWIFT_APPROACHABLE_CONCURRENCY = YES;
				SWIFT_DEFAULT_ACTOR_ISOLATION = MainActor;
				SWIFT_EMIT_LOC_STRINGS = YES;
				SWIFT_UPCOMING_FEATURE_MEMBER_IMPORT_VISIBILITY = YES;
				SWIFT_VERSION = 5.0;
				TARGETED_DEVICE_FAMILY = "1,2";
			};
			name = Release;
		};
		28D0B0822F2A9155002E3E27 /* Debug */ = {
			isa = XCBuildConfiguration;
			buildSettings = {
				ALWAYS_SEARCH_USER_PATHS = NO;
				ASSETCATALOG_COMPILER_GENERATE_SWIFT_ASSET_SYMBOL_EXTENSIONS = YES;
				CLANG_ANALYZER_NONNULL = YES;
				CLANG_ANALYZER_NUMBER_OBJECT_CONVERSION = YES_AGGRESSIVE;
				CLANG_CXX_LANGUAGE_STANDARD = "gnu++20";
				CLANG_ENABLE_MODULES = YES;
				CLANG_ENABLE_OBJC_ARC = YES;
				CLANG_ENABLE_OBJC_WEAK = YES;
				CLANG_WARN_BLOCK_CAPTURE_AUTORELEASING = YES;
				CLANG_WARN_BOOL_CONVERSION = YES;
				CLANG_WARN_COMMA = YES;
				CLANG_WARN_CONSTANT_CONVERSION = YES;
				CLANG_WARN_DEPRECATED_OBJC_IMPLEMENTATIONS = YES;
				CLANG_WARN_DIRECT_OBJC_ISA_USAGE = YES_ERROR;
				CLANG_WARN_DOCUMENTATION_COMMENTS = YES;
				CLANG_WARN_EMPTY_BODY = YES;
				CLANG_WARN_ENUM_CONVERSION = YES;
				CLANG_WARN_INFINITE_RECURSION = YES;
				CLANG_WARN_INT_CONVERSION = YES;
				CLANG_WARN_NON_LITERAL_NULL_CONVERSION = YES;
				CLANG_WARN_OBJC_IMPLICIT_RETAIN_SELF = YES;
				CLANG_WARN_OBJC_LITERAL_CONVERSION = YES;
				CLANG_WARN_OBJC_ROOT_CLASS = YES_ERROR;
				CLANG_WARN_QUOTED_INCLUDE_IN_FRAMEWORK_HEADER = YES;
				CLANG_WARN_RANGE_LOOP_ANALYSIS = YES;
				CLANG_WARN_STRICT_PROTOTYPES = YES;
				CLANG_WARN_SUSPICIOUS_MOVE = YES;
				CLANG_WARN_UNGUARDED_AVAILABILITY = YES_AGGRESSIVE;
				CLANG_WARN_UNREACHABLE_CODE = YES;
				CLANG_WARN__DUPLICATE_METHOD_MATCH = YES;
				COPY_PHASE_STRIP = NO;
				DEBUG_INFORMATION_FORMAT = dwarf;
				DEVELOPMENT_TEAM = 9MN285B2PG;
				ENABLE_STRICT_OBJC_MSGSEND = YES;
				ENABLE_TESTABILITY = YES;
				ENABLE_USER_SCRIPT_SANDBOXING = YES;
				GCC_C_LANGUAGE_STANDARD = gnu17;
				GCC_DYNAMIC_NO_PIC = NO;
				GCC_NO_COMMON_BLOCKS = YES;
				GCC_OPTIMIZATION_LEVEL = 0;
				GCC_PREPROCESSOR_DEFINITIONS = (
					"DEBUG=1",
					"$(inherited)",
				);
				GCC_WARN_64_TO_32_BIT_CONVERSION = YES;
				GCC_WARN_ABOUT_RETURN_TYPE = YES_ERROR;
				GCC_WARN_UNDECLARED_SELECTOR = YES;
				GCC_WARN_UNINITIALIZED_AUTOS = YES_AGGRESSIVE;
				GCC_WARN_UNUSED_FUNCTION = YES;
				GCC_WARN_UNUSED_VARIABLE = YES;
				IPHONEOS_DEPLOYMENT_TARGET = 26.2;
				LOCALIZATION_PREFERS_STRING_CATALOGS = YES;
				MTL_ENABLE_DEBUG_INFO = INCLUDE_SOURCE;
				MTL_FAST_MATH = YES;
				ONLY_ACTIVE_ARCH = YES;
				SDKROOT = iphoneos;
				SWIFT_ACTIVE_COMPILATION_CONDITIONS = "DEBUG $(inherited)";
				SWIFT_OPTIMIZATION_LEVEL = "-Onone";
			};
			name = Debug;
		};
		28D0B0832F2A9155002E3E27 /* Release */ = {
			isa = XCBuildConfiguration;
			buildSettings = {
				ALWAYS_SEARCH_USER_PATHS = NO;
				ASSETCATALOG_COMPILER_GENERATE_SWIFT_ASSET_SYMBOL_EXTENSIONS = YES;
				CLANG_ANALYZER_NONNULL = YES;
				CLANG_ANALYZER_NUMBER_OBJECT_CONVERSION = YES_AGGRESSIVE;
				CLANG_CXX_LANGUAGE_STANDARD = "gnu++20";
				CLANG_ENABLE_MODULES = YES;
				CLANG_ENABLE_OBJC_ARC = YES;
				CLANG_ENABLE_OBJC_WEAK = YES;
				CLANG_WARN_BLOCK_CAPTURE_AUTORELEASING = YES;
				CLANG_WARN_BOOL_CONVERSION = YES;
				CLANG_WARN_COMMA = YES;
				CLANG_WARN_CONSTANT_CONVERSION = YES;
				CLANG_WARN_DEPRECATED_OBJC_IMPLEMENTATIONS = YES;
				CLANG_WARN_DIRECT_OBJC_ISA_USAGE = YES_ERROR;
				CLANG_WARN_DOCUMENTATION_COMMENTS = YES;
				CLANG_WARN_EMPTY_BODY = YES;
				CLANG_WARN_ENUM_CONVERSION = YES;
				CLANG_WARN_INFINITE_RECURSION = YES;
				CLANG_WARN_INT_CONVERSION = YES;
				CLANG_WARN_NON_LITERAL_NULL_CONVERSION = YES;
				CLANG_WARN_OBJC_IMPLICIT_RETAIN_SELF = YES;
				CLANG_WARN_OBJC_LITERAL_CONVERSION = YES;
				CLANG_WARN_OBJC_ROOT_CLASS = YES_ERROR;
				CLANG_WARN_QUOTED_INCLUDE_IN_FRAMEWORK_HEADER = YES;
				CLANG_WARN_RANGE_LOOP_ANALYSIS = YES;
				CLANG_WARN_STRICT_PROTOTYPES = YES;
				CLANG_WARN_SUSPICIOUS_MOVE = YES;
				CLANG_WARN_UNGUARDED_AVAILABILITY = YES_AGGRESSIVE;
				CLANG_WARN_UNREACHABLE_CODE = YES;
				CLANG_WARN__DUPLICATE_METHOD_MATCH = YES;
				COPY_PHASE_STRIP = NO;
				DEBUG_INFORMATION_FORMAT = "dwarf-with-dsym";
				DEVELOPMENT_TEAM = 9MN285B2PG;
				ENABLE_NS_ASSERTIONS = NO;
				ENABLE_STRICT_OBJC_MSGSEND = YES;
				ENABLE_USER_SCRIPT_SANDBOXING = YES;
				GCC_C_LANGUAGE_STANDARD = gnu17;
				GCC_NO_COMMON_BLOCKS = YES;
				GCC_WARN_64_TO_32_BIT_CONVERSION = YES;
				GCC_WARN_ABOUT_RETURN_TYPE = YES_ERROR;
				GCC_WARN_UNDECLARED_SELECTOR = YES;
				GCC_WARN_UNINITIALIZED_AUTOS = YES_AGGRESSIVE;
				GCC_WARN_UNUSED_FUNCTION = YES;
				GCC_WARN_UNUSED_VARIABLE = YES;
				IPHONEOS_DEPLOYMENT_TARGET = 26.2;
				LOCALIZATION_PREFERS_STRING_CATALOGS = YES;
				MTL_ENABLE_DEBUG_INFO = NO;
				MTL_FAST_MATH = YES;
				SDKROOT = iphoneos;
				SWIFT_COMPILATION_MODE = wholemodule;
				VALIDATE_PRODUCT = YES;
			};
			name = Release;
		};
		28D0B0852F2A9155002E3E27 /* Debug */ = {
			isa = XCBuildConfiguration;
			buildSettings = {
				BUNDLE_LOADER = "$(TEST_HOST)";
				CODE_SIGN_STYLE = Automatic;
				CURRENT_PROJECT_VERSION = 1;
				DEVELOPMENT_TEAM = 9MN285B2PG;
				GENERATE_INFOPLIST_FILE = YES;
				IPHONEOS_DEPLOYMENT_TARGET = 26.2;
				MARKETING_VERSION = 1.0;
				PRODUCT_BUNDLE_IDENTIFIER = edu.uw.ischool.katiehsu.LifeCounterTests;
				PRODUCT_NAME = "$(TARGET_NAME)";
				STRING_CATALOG_GENERATE_SYMBOLS = NO;
				SWIFT_APPROACHABLE_CONCURRENCY = YES;
				SWIFT_EMIT_LOC_STRINGS = NO;
				SWIFT_UPCOMING_FEATURE_MEMBER_IMPORT_VISIBILITY = YES;
				SWIFT_VERSION = 5.0;
				TARGETED_DEVICE_FAMILY = "1,2";
				TEST_HOST = "$(BUILT_PRODUCTS_DIR)/LifeCounter.app/$(BUNDLE_EXECUTABLE_FOLDER_PATH)/LifeCounter";
			};
			name = Debug;
		};
		28D0B0862F2A9155002E3E27 /* Release */ = {
			isa = XCBuildConfiguration;
			buildSettings = {
				BUNDLE_LOADER = "$(TEST_HOST)";
				CODE_SIGN_STYLE = Automatic;
				CURRENT_PROJECT_VERSION = 1;
				DEVELOPMENT_TEAM = 9MN285B2PG;
				GENERATE_INFOPLIST_FILE = YES;
				IPHONEOS_DEPLOYMENT_TARGET = 26.2;
				MARKETING_VERSION = 1.0;
				PRODUCT_BUNDLE_IDENTIFIER = edu.uw.ischool.katiehsu.LifeCounterTests;
				PRODUCT_NAME = "$(TARGET_NAME)";
				STRING_CATALOG_GENERATE_SYMBOLS = NO;
				SWIFT_APPROACHABLE_CONCURRENCY = YES;
				SWIFT_EMIT_LOC_STRINGS = NO;
				SWIFT_UPCOMING_FEATURE_MEMBER_IMPORT_VISIBILITY = YES;
				SWIFT_VERSION = 5.0;
				TARGETED_DEVICE_FAMILY = "1,2";
				TEST_HOST = "$(BUILT_PRODUCTS_DIR)/LifeCounter.app/$(BUNDLE_EXECUTABLE_FOLDER_PATH)/LifeCounter";
			};
			name = Release;
		};
		28D0B0882F2A9155002E3E27 /* Debug */ = {
			isa = XCBuildConfiguration;
			buildSettings = {
				CODE_SIGN_STYLE = Automatic;
				CURRENT_PROJECT_VERSION = 1;
				DEVELOPMENT_TEAM = 9MN285B2PG;
				GENERATE_INFOPLIST_FILE = YES;
				MARKETING_VERSION = 1.0;
				PRODUCT_BUNDLE_IDENTIFIER = edu.uw.ischool.katiehsu.LifeCounterUITests;
				PRODUCT_NAME = "$(TARGET_NAME)";
				STRING_CATALOG_GENERATE_SYMBOLS = NO;
				SWIFT_APPROACHABLE_CONCURRENCY = YES;
				SWIFT_EMIT_LOC_STRINGS = NO;
				SWIFT_UPCOMING_FEATURE_MEMBER_IMPORT_VISIBILITY = YES;
				SWIFT_VERSION = 5.0;
				TARGETED_DEVICE_FAMILY = "1,2";
				TEST_TARGET_NAME = LifeCounter;
			};
			name = Debug;
		};
		28D0B0892F2A9155002E3E27 /* Release */ = {
			isa = XCBuildConfiguration;
			buildSettings = {
				CODE_SIGN_STYLE = Automatic;
				CURRENT_PROJECT_VERSION = 1;
				DEVELOPMENT_TEAM = 9MN285B2PG;
				GENERATE_INFOPLIST_FILE = YES;
				MARKETING_VERSION = 1.0;
				PRODUCT_BUNDLE_IDENTIFIER = edu.uw.ischool.katiehsu.LifeCounterUITests;
				PRODUCT_NAME = "$(TARGET_NAME)";
				STRING_CATALOG_GENERATE_SYMBOLS = NO;
				SWIFT_APPROACHABLE_CONCURRENCY = YES;
				SWIFT_EMIT_LOC_STRINGS = NO;
				SWIFT_UPCOMING_FEATURE_MEMBER_IMPORT_VISIBILITY = YES;
				SWIFT_VERSION = 5.0;
				TARGETED_DEVICE_FAMILY = "1,2";
				TEST_TARGET_NAME = LifeCounter;
			};
			name = Release;
		};
/* End XCBuildConfiguration section */

/* Begin XCConfigurationList section */
		28D0B0512F2A9152002E3E27 /* Build configuration list for PBXProject "LifeCounter" */ = {
			isa = XCConfigurationList;
			buildConfigurations = (
				28D0B0822F2A9155002E3E27 /* Debug */,
				28D0B0832F2A9155002E3E27 /* Release */,
			);
			defaultConfigurationIsVisible = 0;
			defaultConfigurationName = Release;
		};
		28D0B07F2F2A9155002E3E27 /* Build configuration list for PBXNativeTarget "LifeCounter" */ = {
			isa = XCConfigurationList;
			buildConfigurations = (
				28D0B0802F2A9155002E3E27 /* Debug */,
				28D0B0812F2A9155002E3E27 /* Release */,
			);
			defaultConfigurationIsVisible = 0;
			defaultConfigurationName = Release;
		};
		28D0B0842F2A9155002E3E27 /* Build configuration list for PBXNativeTarget "LifeCounterTests" */ = {
			isa = XCConfigurationList;
			buildConfigurations = (
				28D0B0852F2A9155002E3E27 /* Debug */,
				28D0B0862F2A9155002E3E27 /* Release */,
			);
			defaultConfigurationIsVisible = 0;
			defaultConfigurationName = Release;
		};
		28D0B0872F2A9155002E3E27 /* Build configuration list for PBXNativeTarget "LifeCounterUITests" */ = {
			isa = XCConfigurationList;
			buildConfigurations = (
				28D0B0882F2A9155002E3E27 /* Debug */,
				28D0B0892F2A9155002E3E27 /* Release */,
			);
			defaultConfigurationIsVisible = 0;
			defaultConfigurationName = Release;
		};
/* End XCConfigurationList section */
	};
	rootObject = 28D0B04E2F2A9152002E3E27 /* Project object */;
}
